
Microsoft Visual Studio Solution File, Format Version 12.00
# Visual Studio Version 17
VisualStudioVersion = 17.9.34723.18
MinimumVisualStudioVersion = 10.0.40219.1
Project("{FAE04EC0-301F-11D3-BF4B-00C04F79EFBC}") = "NZWalks.API", "NZWalks.API\NZWalks.API.csproj", "{83C429D5-77BE-4D6E-BBF5-64F43B81516F}"
EndProject
Global
	GlobalSection(SolutionConfigurationPlatforms) = preSolution
		Debug|Any CPU = Debug|Any CPU
		Release|Any CPU = Release|Any CPU
	EndGlobalSection
	GlobalSection(ProjectConfigurationPlatforms) = postSolution
		{83C429D5-77BE-4D6E-BBF5-64F43B81516F}.Debug|Any CPU.ActiveCfg = Debug|Any CPU
		{83C429D5-77BE-4D6E-BBF5-64F43B81516F}.Debug|Any CPU.Build.0 = Debug|Any CPU
		{83C429D5-77BE-4D6E-BBF5-64F43B81516F}.Release|Any CPU.ActiveCfg = Release|Any CPU
		{83C429D5-77BE-4D6E-BBF5-64F43B81516F}.Release|Any CPU.Build.0 = Release|Any CPU
	EndGlobalSection
	GlobalSection(SolutionProperties) = preSolution
		HideSolutionNode = FALSE
	EndGlobalSection
	GlobalSection(ExtensibilityGlobals) = postSolution
		SolutionGuid = {8520DE1B-E76A-4040-9EBE-7AA9541FC9B6}
	EndGlobalSection
EndGlobal
